
Microsoft Visual Studio Solution File, Format Version 12.00
# Visual Studio Version 17
VisualStudioVersion = 17.0.31903.59
MinimumVisualStudioVersion = 10.0.40219.1
Project("{2150E333-8FDC-42A3-9474-1A3956D46DE8}") = "src", "src", "{20A18C05-30BE-4E36-97C5-7D9DA34B5F7A}"
EndProject
Project("{FAE04EC0-301F-11D3-BF4B-00C04F79EFBC}") = "LivroMente.API", "src\LivroMente.API\LivroMente.API.csproj", "{3B4C3206-74F2-4942-B45B-55E75011C884}"
EndProject
Project("{FAE04EC0-301F-11D3-BF4B-00C04F79EFBC}") = "LivroMente.Domain", "src\LivroMente.Domain\LivroMente.Domain.csproj", "{55DDAAE2-4076-48BB-931F-693F9909CE92}"
EndProject
Project("{FAE04EC0-301F-11D3-BF4B-00C04F79EFBC}") = "LivroMente.Infrastructure", "src\LivroMente.Infrastructure\LivroMente.Infrastructure.csproj", "{154CE050-75CF-4015-B981-B09E59EC27E9}"
EndProject
Project("{2150E333-8FDC-42A3-9474-1A3956D46DE8}") = "tests", "tests", "{52F35A43-7061-4999-B0BC-8C5C3C796F4C}"
EndProject
Project("{FAE04EC0-301F-11D3-BF4B-00C04F79EFBC}") = "LivroMente.Tests", "tests\LivroMente.Tests\LivroMente.Tests.csproj", "{AAD1F88B-D6F0-4FA9-B660-D1A3BC79E08E}"
EndProject
Project("{FAE04EC0-301F-11D3-BF4B-00C04F79EFBC}") = "LivroMente.Test", "src\LivroMente.Test\LivroMente.Test.csproj", "{97162093-1687-4C4F-9BB6-68AD8A7E62DA}"
EndProject
Global
	GlobalSection(SolutionConfigurationPlatforms) = preSolution
		Debug|Any CPU = Debug|Any CPU
		Release|Any CPU = Release|Any CPU
	EndGlobalSection
	GlobalSection(SolutionProperties) = preSolution
		HideSolutionNode = FALSE
	EndGlobalSection
	GlobalSection(ProjectConfigurationPlatforms) = postSolution
		{3B4C3206-74F2-4942-B45B-55E75011C884}.Debug|Any CPU.ActiveCfg = Debug|Any CPU
		{3B4C3206-74F2-4942-B45B-55E75011C884}.Debug|Any CPU.Build.0 = Debug|Any CPU
		{3B4C3206-74F2-4942-B45B-55E75011C884}.Release|Any CPU.ActiveCfg = Release|Any CPU
		{3B4C3206-74F2-4942-B45B-55E75011C884}.Release|Any CPU.Build.0 = Release|Any CPU
		{55DDAAE2-4076-48BB-931F-693F9909CE92}.Debug|Any CPU.ActiveCfg = Debug|Any CPU
		{55DDAAE2-4076-48BB-931F-693F9909CE92}.Debug|Any CPU.Build.0 = Debug|Any CPU
		{55DDAAE2-4076-48BB-931F-693F9909CE92}.Release|Any CPU.ActiveCfg = Release|Any CPU
		{55DDAAE2-4076-48BB-931F-693F9909CE92}.Release|Any CPU.Build.0 = Release|Any CPU
		{154CE050-75CF-4015-B981-B09E59EC27E9}.Debug|Any CPU.ActiveCfg = Debug|Any CPU
		{154CE050-75CF-4015-B981-B09E59EC27E9}.Debug|Any CPU.Build.0 = Debug|Any CPU
		{154CE050-75CF-4015-B981-B09E59EC27E9}.Release|Any CPU.ActiveCfg = Release|Any CPU
		{154CE050-75CF-4015-B981-B09E59EC27E9}.Release|Any CPU.Build.0 = Release|Any CPU
		{AAD1F88B-D6F0-4FA9-B660-D1A3BC79E08E}.Debug|Any CPU.ActiveCfg = Debug|Any CPU
		{AAD1F88B-D6F0-4FA9-B660-D1A3BC79E08E}.Debug|Any CPU.Build.0 = Debug|Any CPU
		{AAD1F88B-D6F0-4FA9-B660-D1A3BC79E08E}.Release|Any CPU.ActiveCfg = Release|Any CPU
		{AAD1F88B-D6F0-4FA9-B660-D1A3BC79E08E}.Release|Any CPU.Build.0 = Release|Any CPU
		{97162093-1687-4C4F-9BB6-68AD8A7E62DA}.Debug|Any CPU.ActiveCfg = Debug|Any CPU
		{97162093-1687-4C4F-9BB6-68AD8A7E62DA}.Debug|Any CPU.Build.0 = Debug|Any CPU
		{97162093-1687-4C4F-9BB6-68AD8A7E62DA}.Release|Any CPU.ActiveCfg = Release|Any CPU
		{97162093-1687-4C4F-9BB6-68AD8A7E62DA}.Release|Any CPU.Build.0 = Release|Any CPU
	EndGlobalSection
	GlobalSection(NestedProjects) = preSolution
		{3B4C3206-74F2-4942-B45B-55E75011C884} = {20A18C05-30BE-4E36-97C5-7D9DA34B5F7A}
		{55DDAAE2-4076-48BB-931F-693F9909CE92} = {20A18C05-30BE-4E36-97C5-7D9DA34B5F7A}
		{154CE050-75CF-4015-B981-B09E59EC27E9} = {20A18C05-30BE-4E36-97C5-7D9DA34B5F7A}
		{AAD1F88B-D6F0-4FA9-B660-D1A3BC79E08E} = {52F35A43-7061-4999-B0BC-8C5C3C796F4C}
		{97162093-1687-4C4F-9BB6-68AD8A7E62DA} = {20A18C05-30BE-4E36-97C5-7D9DA34B5F7A}
	EndGlobalSection
EndGlobal
